
Microsoft Visual Studio Solution File, Format Version 12.00
# Visual Studio Version 17
VisualStudioVersion = 17.11.35303.130
MinimumVisualStudioVersion = 10.0.40219.1
Project("{FAE04EC0-301F-11D3-BF4B-00C04F79EFBC}") = "GestaoProjetoAPI", "..\GestaoProjetoAPI\GestaoProjetoAPI.csproj", "{B2840CC4-EF3F-4D01-B97D-58E78639ADBF}"
EndProject
Project("{FAE04EC0-301F-11D3-BF4B-00C04F79EFBC}") = "GestaoProjetoFront", "..\GestaoProjetoFront\GestaoProjetoFront.csproj", "{65DDC28A-CCBF-4AF2-9F5A-CE77408BEB9D}"
EndProject
Project("{2150E333-8FDC-42A3-9474-1A3956D46DE8}") = "Itens de Solução", "Itens de Solução", "{C75A4B2A-AE3E-49A5-B09B-8E6312E25370}"
	ProjectSection(SolutionItems) = preProject
		.Gitignore = .Gitignore
	EndProjectSection
EndProject
Global
	GlobalSection(SolutionConfigurationPlatforms) = preSolution
		Debug|Any CPU = Debug|Any CPU
		Release|Any CPU = Release|Any CPU
	EndGlobalSection
	GlobalSection(ProjectConfigurationPlatforms) = postSolution
		{B2840CC4-EF3F-4D01-B97D-58E78639ADBF}.Debug|Any CPU.ActiveCfg = Debug|Any CPU
		{B2840CC4-EF3F-4D01-B97D-58E78639ADBF}.Debug|Any CPU.Build.0 = Debug|Any CPU
		{B2840CC4-EF3F-4D01-B97D-58E78639ADBF}.Release|Any CPU.ActiveCfg = Release|Any CPU
		{B2840CC4-EF3F-4D01-B97D-58E78639ADBF}.Release|Any CPU.Build.0 = Release|Any CPU
		{65DDC28A-CCBF-4AF2-9F5A-CE77408BEB9D}.Debug|Any CPU.ActiveCfg = Debug|Any CPU
		{65DDC28A-CCBF-4AF2-9F5A-CE77408BEB9D}.Debug|Any CPU.Build.0 = Debug|Any CPU
		{65DDC28A-CCBF-4AF2-9F5A-CE77408BEB9D}.Release|Any CPU.ActiveCfg = Release|Any CPU
		{65DDC28A-CCBF-4AF2-9F5A-CE77408BEB9D}.Release|Any CPU.Build.0 = Release|Any CPU
	EndGlobalSection
	GlobalSection(SolutionProperties) = preSolution
		HideSolutionNode = FALSE
	EndGlobalSection
	GlobalSection(ExtensibilityGlobals) = postSolution
		SolutionGuid = {362FDEEC-0B40-4ECF-AE37-D62651E31A22}
	EndGlobalSection
EndGlobal
